{
  "name": "kue",
  "version": "0.11.7",
  "lockfileVersion": 2,
  "requires": true,
  "packages": {
    "": {
      "name": "kue",
      "version": "0.11.7",
      "license": "MIT",
      "dependencies": {
        "lodash": "^4.0.0",
        "node-redis-warlock": "~1.0.2",
        "redis": "~2.6.0-2"
      },
      "optionalDependencies": {
        "reds": "^0.2.5"
      }
    },
    "node_modules/apparatus": {
      "version": "0.0.10",
      "resolved": "https://registry.npmjs.org/apparatus/-/apparatus-0.0.10.tgz",
      "integrity": "sha512-KLy/ugo33KZA7nugtQ7O0E1c8kQ52N3IvD/XgIh4w/Nr28ypfkwDfA67F1ev4N1m5D+BOk1+b2dEJDfpj/VvZg==",
      "optional": true,
      "dependencies": {
        "sylvester": ">= 0.0.8"
      },
      "engines": {
        "node": ">=0.2.6"
      }
    },
    "node_modules/double-ended-queue": {
      "version": "2.1.0-0",
      "resolved": "https://registry.npmjs.org/double-ended-queue/-/double-ended-queue-2.1.0-0.tgz",
      "integrity": "sha512-+BNfZ+deCo8hMNpDqDnvT+c0XpJ5cUa6mqYq89bho2Ifze4URTqRkcwR399hWoTrTkbZ/XJYDgP6rc7pRgffEQ=="
    },
    "node_modules/lodash": {
      "version": "4.17.21",
      "resolved": "https://registry.npmjs.org/lodash/-/lodash-4.17.21.tgz",
      "integrity": "sha512-v2kDEe57lecTulaDIuNTPy3Ry4gLGJ6Z1O3vE1krgXZNrsQ+LFTGHVxVjcXPs17LhbZVGedAJv8XZ1tvj5FvSg=="
    },
    "node_modules/natural": {
      "version": "0.2.1",
      "resolved": "https://registry.npmjs.org/natural/-/natural-0.2.1.tgz",
      "integrity": "sha512-LJqEDklvkkqlhhDvTLcKnwxy3O7i7qai6bZGJ/wmj0LXEnsIi6TWoixFjPNteyzdbK+Ik5onFIXpo4zaFYz7UA==",
      "optional": true,
      "dependencies": {
        "apparatus": ">= 0.0.9",
        "sylvester": ">= 0.0.12",
        "underscore": ">=1.3.1"
      },
      "engines": {
        "node": ">=0.4.10"
      }
    },
    "node_modules/node-redis-script": {
      "version": "2.0.1",
      "resolved": "https://registry.npmjs.org/node-redis-script/-/node-redis-script-2.0.1.tgz",
      "integrity": "sha512-m4CXMTSpS1qsND8Awu20wve+9CTe8XU3Haakt6OT8EtC9wmDUPPtDI8Bm2TkSO4NX+dZhVzX+issU9GXo5PK1A=="
    },
    "node_modules/node-redis-warlock": {
      "version": "1.0.2",
      "resolved": "https://registry.npmjs.org/node-redis-warlock/-/node-redis-warlock-1.0.2.tgz",
      "integrity": "sha512-7o6KeZbVrBWXIGpUR9zAuyw1G5OYem8AP+c3Ud7jSB6HUrBKZW/KOKXVE+NKfRPko9pLbzZxfVE/9Dx+rtzPfg==",
      "dependencies": {
        "node-redis-script": "^2.0.1",
        "uuid": "^8.3.2"
      }
    },
    "node_modules/redis": {
      "version": "2.6.5",
      "resolved": "https://registry.npmjs.org/redis/-/redis-2.6.5.tgz",
      "integrity": "sha512-u5pJPYdQX5Oca+nyThh0CJD0fSRyj0Z9ldn9LIEenNdiMZJ5Ut90q12St8ICYLvDsfbLqF0MujyU0c3ZLA06CA==",
      "dependencies": {
        "double-ended-queue": "^2.1.0-0",
        "redis-commands": "^1.2.0",
        "redis-parser": "^2.0.0"
      },
      "engines": {
        "node": ">=0.10.0"
      }
    },
    "node_modules/redis-commands": {
      "version": "1.7.0",
      "resolved": "https://registry.npmjs.org/redis-commands/-/redis-commands-1.7.0.tgz",
      "integrity": "sha512-nJWqw3bTFy21hX/CPKHth6sfhZbdiHP6bTawSgQBlKOVRG7EZkfHbbHwQJnrE4vsQf0CMNE+3gJ4Fmm16vdVlQ=="
    },
    "node_modules/redis-parser": {
      "version": "2.6.0",
      "resolved": "https://registry.npmjs.org/redis-parser/-/redis-parser-2.6.0.tgz",
      "integrity": "sha512-9Hdw19gwXFBJdN8ENUoNVJFRyMDFrE/ZBClPicKYDPwNPJ4ST1TedAHYNSiGKElwh2vrmRGMoJYbVdJd+WQXIw==",
      "engines": {
        "node": ">=0.10.0"
      }
    },
    "node_modules/reds": {
      "version": "0.2.5",
      "resolved": "https://registry.npmjs.org/reds/-/reds-0.2.5.tgz",
      "integrity": "sha512-3QlVQio4LFrkmzwMOmTVI+hxZm9PxOzUPeZkXkVXJDbPXCZKIWEklTDgB9ZWOPWj4gT6vI4OAfw64tsyw2OJ1w==",
      "optional": true,
      "dependencies": {
        "natural": "^0.2.0",
        "redis": "^0.12.1"
      }
    },
    "node_modules/reds/node_modules/redis": {
      "version": "0.12.1",
      "resolved": "https://registry.npmjs.org/redis/-/redis-0.12.1.tgz",
      "integrity": "sha512-DtqxdmgmVAO7aEyxaXBiUTvhQPOYznTIvmPzs9AwWZqZywM50JlFxQjFhicI+LVbaun7uwfO3izuvc1L8NlPKQ==",
      "optional": true
    },
    "node_modules/sylvester": {
      "version": "0.0.21",
      "resolved": "https://registry.npmjs.org/sylvester/-/sylvester-0.0.21.tgz",
      "integrity": "sha512-yUT0ukFkFEt4nb+NY+n2ag51aS/u9UHXoZw+A4jgD77/jzZsBoSDHuqysrVCBC4CYR4TYvUJq54ONpXgDBH8tA==",
      "optional": true,
      "engines": {
        "node": ">=0.2.6"
      }
    },
    "node_modules/underscore": {
      "version": "1.13.6",
      "resolved": "https://registry.npmjs.org/underscore/-/underscore-1.13.6.tgz",
      "integrity": "sha512-+A5Sja4HP1M08MaXya7p5LvjuM7K6q/2EaC0+iovj/wOcMsTzMvDFbasi/oSapiwOlt252IqsKqPjCl7huKS0A==",
      "optional": true
    },
    "node_modules/uuid": {
      "version": "8.3.2",
      "resolved": "https://registry.npmjs.org/uuid/-/uuid-8.3.2.tgz",
      "integrity": "sha512-+NYs2QeMWy+GWFOEm9xnn6HCDp0l7QBD7ml8zLUmJ+93Q5NF0NocErnwkTkXVFNiX3/fpC6afS8Dhb/gz7R7eg==",
      "bin": {
        "uuid": "dist/bin/uuid"
      }
    }
  },
  "dependencies": {
    "apparatus": {
      "version": "0.0.10",
      "resolved": "https://registry.npmjs.org/apparatus/-/apparatus-0.0.10.tgz",
      "integrity": "sha512-KLy/ugo33KZA7nugtQ7O0E1c8kQ52N3IvD/XgIh4w/Nr28ypfkwDfA67F1ev4N1m5D+BOk1+b2dEJDfpj/VvZg==",
      "optional": true,
      "requires": {
        "sylvester": ">= 0.0.8"
      }
    },
    "double-ended-queue": {
      "version": "2.1.0-0",
      "resolved": "https://registry.npmjs.org/double-ended-queue/-/double-ended-queue-2.1.0-0.tgz",
      "integrity": "sha512-+BNfZ+deCo8hMNpDqDnvT+c0XpJ5cUa6mqYq89bho2Ifze4URTqRkcwR399hWoTrTkbZ/XJYDgP6rc7pRgffEQ=="
    },
    "lodash": {
      "version": "4.17.21",
      "resolved": "https://registry.npmjs.org/lodash/-/lodash-4.17.21.tgz",
      "integrity": "sha512-v2kDEe57lecTulaDIuNTPy3Ry4gLGJ6Z1O3vE1krgXZNrsQ+LFTGHVxVjcXPs17LhbZVGedAJv8XZ1tvj5FvSg=="
    },
    "natural": {
      "version": "0.2.1",
      "resolved": "https://registry.npmjs.org/natural/-/natural-0.2.1.tgz",
      "integrity": "sha512-LJqEDklvkkqlhhDvTLcKnwxy3O7i7qai6bZGJ/wmj0LXEnsIi6TWoixFjPNteyzdbK+Ik5onFIXpo4zaFYz7UA==",
      "optional": true,
      "requires": {
        "apparatus": ">= 0.0.9",
        "sylvester": ">= 0.0.12",
        "underscore": ">=1.3.1"
      }
    },
    "node-redis-script": {
      "version": "2.0.1",
      "resolved": "https://registry.npmjs.org/node-redis-script/-/node-redis-script-2.0.1.tgz",
      "integrity": "sha512-m4CXMTSpS1qsND8Awu20wve+9CTe8XU3Haakt6OT8EtC9wmDUPPtDI8Bm2TkSO4NX+dZhVzX+issU9GXo5PK1A=="
    },
    "node-redis-warlock": {
      "version": "1.0.2",
      "resolved": "https://registry.npmjs.org/node-redis-warlock/-/node-redis-warlock-1.0.2.tgz",
      "integrity": "sha512-7o6KeZbVrBWXIGpUR9zAuyw1G5OYem8AP+c3Ud7jSB6HUrBKZW/KOKXVE+NKfRPko9pLbzZxfVE/9Dx+rtzPfg==",
      "requires": {
        "node-redis-script": "^2.0.1",
        "uuid": "^8.3.2"
      }
    },
    "redis": {
      "version": "2.6.5",
      "resolved": "https://registry.npmjs.org/redis/-/redis-2.6.5.tgz",
      "integrity": "sha512-u5pJPYdQX5Oca+nyThh0CJD0fSRyj0Z9ldn9LIEenNdiMZJ5Ut90q12St8ICYLvDsfbLqF0MujyU0c3ZLA06CA==",
      "requires": {
        "double-ended-queue": "^2.1.0-0",
        "redis-commands": "^1.2.0",
        "redis-parser": "^2.0.0"
      }
    },
    "redis-commands": {
      "version": "1.7.0",
      "resolved": "https://registry.npmjs.org/redis-commands/-/redis-commands-1.7.0.tgz",
      "integrity": "sha512-nJWqw3bTFy21hX/CPKHth6sfhZbdiHP6bTawSgQBlKOVRG7EZkfHbbHwQJnrE4vsQf0CMNE+3gJ4Fmm16vdVlQ=="
    },
    "redis-parser": {
      "version": "2.6.0",
      "resolved": "https://registry.npmjs.org/redis-parser/-/redis-parser-2.6.0.tgz",
      "integrity": "sha512-9Hdw19gwXFBJdN8ENUoNVJFRyMDFrE/ZBClPicKYDPwNPJ4ST1TedAHYNSiGKElwh2vrmRGMoJYbVdJd+WQXIw=="
    },
    "reds": {
      "version": "0.2.5",
      "resolved": "https://registry.npmjs.org/reds/-/reds-0.2.5.tgz",
      "integrity": "sha512-3QlVQio4LFrkmzwMOmTVI+hxZm9PxOzUPeZkXkVXJDbPXCZKIWEklTDgB9ZWOPWj4gT6vI4OAfw64tsyw2OJ1w==",
      "optional": true,
      "requires": {
        "natural": "^0.2.0",
        "redis": "^0.12.1"
      },
      "dependencies": {
        "redis": {
          "version": "0.12.1",
          "resolved": "https://registry.npmjs.org/redis/-/redis-0.12.1.tgz",
          "integrity": "sha512-DtqxdmgmVAO7aEyxaXBiUTvhQPOYznTIvmPzs9AwWZqZywM50JlFxQjFhicI+LVbaun7uwfO3izuvc1L8NlPKQ==",
          "optional": true
        }
      }
    },
    "sylvester": {
      "version": "0.0.21",
      "resolved": "https://registry.npmjs.org/sylvester/-/sylvester-0.0.21.tgz",
      "integrity": "sha512-yUT0ukFkFEt4nb+NY+n2ag51aS/u9UHXoZw+A4jgD77/jzZsBoSDHuqysrVCBC4CYR4TYvUJq54ONpXgDBH8tA==",
      "optional": true
    },
    "underscore": {
      "version": "1.13.6",
      "resolved": "https://registry.npmjs.org/underscore/-/underscore-1.13.6.tgz",
      "integrity": "sha512-+A5Sja4HP1M08MaXya7p5LvjuM7K6q/2EaC0+iovj/wOcMsTzMvDFbasi/oSapiwOlt252IqsKqPjCl7huKS0A==",
      "optional": true
    },
    "uuid": {
      "version": "8.3.2",
      "resolved": "https://registry.npmjs.org/uuid/-/uuid-8.3.2.tgz",
      "integrity": "sha512-+NYs2QeMWy+GWFOEm9xnn6HCDp0l7QBD7ml8zLUmJ+93Q5NF0NocErnwkTkXVFNiX3/fpC6afS8Dhb/gz7R7eg=="
    }
  }
}
