{
  "name": "kue",
  "version": "1.0.0",
  "lockfileVersion": 1,
  "dependencies": {
    "accepts": {
      "version": "http://registry.npmjs.org/accepts/-/accepts-1.3.3.tgz",
      "integrity": "sha1-w8p0NJOGSMPg2cHjKN1otiLChMo="
    },
    "acorn": {
      "version": "http://registry.npmjs.org/acorn/-/acorn-2.7.0.tgz",
      "integrity": "sha1-q259nYhqrKiwhbwzEreaGYQz8Oc="
    },
    "acorn-globals": {
      "version": "http://registry.npmjs.org/acorn-globals/-/acorn-globals-1.0.9.tgz",
      "integrity": "sha1-VbtemGkVB7dFedBRNBMhfDgMVM8="
    },
    "align-text": {
      "version": "http://registry.npmjs.org/align-text/-/align-text-0.1.4.tgz",
      "integrity": "sha1-DNkKVhCT810KmSVsIrcGlDP60Rc="
    },
    "amdefine": {
      "version": "https://registry.npmjs.org/amdefine/-/amdefine-1.0.0.tgz",
      "integrity": "sha1-/RdHRwDLXMnCtwnwvp0jzjwZjDM="
    },
    "ansi-regex": {
      "version": "https://registry.npmjs.org/ansi-regex/-/ansi-regex-2.0.0.tgz",
      "integrity": "sha1-xQYbbg74qBd15Q9dZhUb9r83EQc="
    },
    "array-flatten": {
      "version": "http://registry.npmjs.org/array-flatten/-/array-flatten-1.1.1.tgz",
      "integrity": "sha1-ml9pkFGx5wczKPKgCJaLZOopVdI="
    },
    "asap": {
      "version": "https://registry.npmjs.org/asap/-/asap-1.0.0.tgz",
      "integrity": "sha1-sqRdpf36ILBJb8N2jMJ8EvqRan0="
    },
    "assertion-error": {
      "version": "http://registry.npmjs.org/assertion-error/-/assertion-error-1.0.2.tgz",
      "integrity": "sha1-E8pRXYYgbaC6xm6DTdOX2HWBCUw=",
      "dev": true
    },
    "async": {
      "version": "http://registry.npmjs.org/async/-/async-1.5.2.tgz",
      "integrity": "sha1-7GphrlZIDAw8skHJVhjiCJL5Zyo=",
      "dev": true
    },
    "balanced-match": {
      "version": "http://registry.npmjs.org/balanced-match/-/balanced-match-0.4.2.tgz",
      "integrity": "sha1-yz8+PHMtwPAe5wtAPzAuYddwmDg="
    },
    "bluebird": {
      "version": "http://registry.npmjs.org/bluebird/-/bluebird-3.4.6.tgz",
      "integrity": "sha1-AdqNgh2HgT0ViWfnQ9X+bGLPjA8="
    },
    "body-parser": {
      "version": "http://registry.npmjs.org/body-parser/-/body-parser-1.15.2.tgz",
      "integrity": "sha1-11eM9PHRHV9uqATO813Hp/9trmc="
    },
    "brace-expansion": {
      "version": "http://registry.npmjs.org/brace-expansion/-/brace-expansion-1.1.6.tgz",
      "integrity": "sha1-cZfX6qm4fmSDkOph/GbIRCdCDfk="
    },
    "builtin-modules": {
      "version": "http://registry.npmjs.org/builtin-modules/-/builtin-modules-1.1.1.tgz",
      "integrity": "sha1-Jw8HbFpywC9bZaR9+Uxf46J4iS8="
    },
    "bytes": {
      "version": "http://registry.npmjs.org/bytes/-/bytes-2.4.0.tgz",
      "integrity": "sha1-fZcZb51br39pNeJZhVSe3SpsIzk="
    },
    "camelcase": {
      "version": "http://registry.npmjs.org/camelcase/-/camelcase-1.2.1.tgz",
      "integrity": "sha1-m7UwTS4LVmmLLHWLCKPqqdqlijk="
    },
    "center-align": {
      "version": "http://registry.npmjs.org/center-align/-/center-align-0.1.3.tgz",
      "integrity": "sha1-qg0yYptu6XIgBBHL1EYckHvCt60="
    },
    "chai": {
      "version": "http://registry.npmjs.org/chai/-/chai-3.5.0.tgz",
      "integrity": "sha1-TQJjewZ/6Vi9v906QOxW/vc3Mkc=",
      "dev": true
    },
    "character-parser": {
      "version": "http://registry.npmjs.org/character-parser/-/character-parser-1.2.1.tgz",
      "integrity": "sha1-wN3kqxgnE7kZuXCVmhI+zBow/NY="
    },
    "clean-css": {
      "version": "http://registry.npmjs.org/clean-css/-/clean-css-3.4.20.tgz",
      "integrity": "sha1-wNiWO1RI4DDwvNPd0NrE3+PepQE=",
      "dependencies": {
        "commander": {
          "version": "http://registry.npmjs.org/commander/-/commander-2.8.1.tgz",
          "integrity": "sha1-Br42f+v9oMMwqh4qBy09yXYkJdQ="
        }
      }
    },
    "cliui": {
      "version": "https://registry.npmjs.org/cliui/-/cliui-2.1.0.tgz",
      "integrity": "sha1-S0dXYP+AJkx2LDoXGQMukcf+oNE=",
      "dependencies": {
        "wordwrap": {
          "version": "http://registry.npmjs.org/wordwrap/-/wordwrap-0.0.2.tgz",
          "integrity": "sha1-t5Zpu0LstAn4PVg8rVLKF+qhZD8="
        }
      }
    },
    "cluster-key-slot": {
      "version": "http://registry.npmjs.org/cluster-key-slot/-/cluster-key-slot-1.0.8.tgz",
      "integrity": "sha1-dlRVYIWmUzCTKi6LWXb44tCz5BQ="
    },
    "code-point-at": {
      "version": "http://registry.npmjs.org/code-point-at/-/code-point-at-1.0.1.tgz",
      "integrity": "sha1-EQTNNPm1tF0+uojxurwZJOHONfs="
    },
    "coffee-script": {
      "version": "http://registry.npmjs.org/coffee-script/-/coffee-script-1.10.0.tgz",
      "integrity": "sha1-EpOLz5vhlI+gBvkuDEyegXBRCMA=",
      "dev": true
    },
    "combined-stream": {
      "version": "https://registry.npmjs.org/combined-stream/-/combined-stream-0.0.7.tgz",
      "integrity": "sha1-ATfmV7qlp1QcV6w3rF/AfXO03B8=",
      "dev": true
    },
    "commander": {
      "version": "https://registry.npmjs.org/commander/-/commander-2.6.0.tgz",
      "integrity": "sha1-nfflL7Kgyw+4kFjugMMQQiXzfh0="
    },
    "component-emitter": {
      "version": "http://registry.npmjs.org/component-emitter/-/component-emitter-1.1.2.tgz",
      "integrity": "sha1-KWWU8nU9qmOZbSrwjRWpURbJrsM=",
      "dev": true
    },
    "concat-map": {
      "version": "http://registry.npmjs.org/concat-map/-/concat-map-0.0.1.tgz",
      "integrity": "sha1-2Klr13/Wjfd5OnMDajug1UBdR3s="
    },
    "constantinople": {
      "version": "https://registry.npmjs.org/constantinople/-/constantinople-3.0.2.tgz",
      "integrity": "sha1-S5RdmTeQe82Y7ldRIsOBdRZUQUE="
    },
    "content-disposition": {
      "version": "http://registry.npmjs.org/content-disposition/-/content-disposition-0.5.1.tgz",
      "integrity": "sha1-h0dsamfI2qh+Muh2Ft+IO6f7Bxs="
    },
    "content-type": {
      "version": "http://registry.npmjs.org/content-type/-/content-type-1.0.2.tgz",
      "integrity": "sha1-t9ETrueo3Se9IRM8TcJSnfFyHu0="
    },
    "cookie": {
      "version": "http://registry.npmjs.org/cookie/-/cookie-0.3.1.tgz",
      "integrity": "sha1-5+Ch+e9DtMi6klxcWpboBtFoc7s="
    },
    "cookie-signature": {
      "version": "http://registry.npmjs.org/cookie-signature/-/cookie-signature-1.0.6.tgz",
      "integrity": "sha1-4wOogrNCzD7oylE6eZmXNNqzriw="
    },
    "cookiejar": {
      "version": "http://registry.npmjs.org/cookiejar/-/cookiejar-2.0.1.tgz",
      "integrity": "sha1-PRJ1L2rfaKiS8zJDNJK9WBK7Zo8=",
      "dev": true
    },
    "core-util-is": {
      "version": "http://registry.npmjs.org/core-util-is/-/core-util-is-1.0.2.tgz",
      "integrity": "sha1-tf1UIgqivFq1eqtxQMlAdUUDwac=",
      "dev": true
    },
    "css": {
      "version": "https://registry.npmjs.org/css/-/css-1.0.8.tgz",
      "integrity": "sha1-k4aBHKgrzMnuf7WnMrHioxfIo+c="
    },
    "css-parse": {
      "version": "http://registry.npmjs.org/css-parse/-/css-parse-1.0.4.tgz",
      "integrity": "sha1-OLBQP7+dqfVOnB29pg4UXHcRe90="
    },
    "css-stringify": {
      "version": "https://registry.npmjs.org/css-stringify/-/css-stringify-1.0.5.tgz",
      "integrity": "sha1-sNBClG2ylTu50pKQCmy19tASIDE="
    },
    "debug": {
      "version": "http://registry.npmjs.org/debug/-/debug-2.2.0.tgz",
      "integrity": "sha1-+HBX6ZWxofauaklgZkE3vFbwOdo="
    },
    "decamelize": {
      "version": "http://registry.npmjs.org/decamelize/-/decamelize-1.2.0.tgz",
      "integrity": "sha1-9lNNFRSCabIDUue+4m9QH5oZEpA="
    },
    "deep-eql": {
      "version": "https://registry.npmjs.org/deep-eql/-/deep-eql-0.1.3.tgz",
      "integrity": "sha1-71WKyrjeJSBs1xOQbXTlaTDrafI=",
      "dev": true,
      "dependencies": {
        "type-detect": {
          "version": "https://registry.npmjs.org/type-detect/-/type-detect-0.1.1.tgz",
          "integrity": "sha1-C6XsKohWQORw6k6FBZcZANrFiCI=",
          "dev": true
        }
      }
    },
    "delayed-stream": {
      "version": "https://registry.npmjs.org/delayed-stream/-/delayed-stream-0.0.5.tgz",
      "integrity": "sha1-1LH0OpPoKW3+AmlPRoC8N6MTxz8=",
      "dev": true
    },
    "depd": {
      "version": "http://registry.npmjs.org/depd/-/depd-1.1.0.tgz",
      "integrity": "sha1-4b2Cxqq2ztlluXuIsX7T5SjKGMM="
    },
    "destroy": {
      "version": "http://registry.npmjs.org/destroy/-/destroy-1.0.4.tgz",
      "integrity": "sha1-l4hXRCxEdJ5CBmE+N5RiBYJqvYA="
    },
    "diff": {
      "version": "http://registry.npmjs.org/diff/-/diff-1.4.0.tgz",
      "integrity": "sha1-fyjS657nsVqX79ic5j3P2qPMur8=",
      "dev": true
    },
    "double-ended-queue": {
      "version": "https://registry.npmjs.org/double-ended-queue/-/double-ended-queue-2.1.0-0.tgz",
      "integrity": "sha1-ED01J/0xUo9AGIEwyEHv3XgmTlw="
    },
    "ee-first": {
      "version": "https://registry.npmjs.org/ee-first/-/ee-first-1.1.1.tgz",
      "integrity": "sha1-WQxhFWsK4vTwJVcyoViyZrxWsh0="
    },
    "encodeurl": {
      "version": "http://registry.npmjs.org/encodeurl/-/encodeurl-1.0.1.tgz",
      "integrity": "sha1-eePVhlU0aQn+bw9Fpd5oEDspTSA="
    },
    "error-ex": {
      "version": "http://registry.npmjs.org/error-ex/-/error-ex-1.3.0.tgz",
      "integrity": "sha1-5ntD8+gsluo6WE/+4Ln8MyXYAtk="
    },
    "escape-html": {
      "version": "http://registry.npmjs.org/escape-html/-/escape-html-1.0.3.tgz",
      "integrity": "sha1-Aljq5NPQwJdN4cFpGI7wBR0dGYg="
    },
    "escape-string-regexp": {
      "version": "http://registry.npmjs.org/escape-string-regexp/-/escape-string-regexp-1.0.2.tgz",
      "integrity": "sha1-Tbwv5nTnGUnK8/smlc5/LcHZqNE=",
      "dev": true
    },
    "etag": {
      "version": "https://registry.npmjs.org/etag/-/etag-1.7.0.tgz",
      "integrity": "sha1-A9MLX2fdbmMtKUXTDWZScxo01dg="
    },
    "express": {
      "version": "http://registry.npmjs.org/express/-/express-4.14.0.tgz",
      "integrity": "sha1-we4/Qs3Ikfs9xlCoki1R7IR9DWY="
    },
    "extend": {
      "version": "http://registry.npmjs.org/extend/-/extend-1.2.1.tgz",
      "integrity": "sha1-oPX9bPyDpf5J72mNYOyKYk3UV2w=",
      "dev": true
    },
    "finalhandler": {
      "version": "http://registry.npmjs.org/finalhandler/-/finalhandler-0.5.0.tgz",
      "integrity": "sha1-6VCKvs6bbbqHGmlCodeRG5GRGsc="
    },
    "find-up": {
      "version": "http://registry.npmjs.org/find-up/-/find-up-1.1.2.tgz",
      "integrity": "sha1-ay6YIrGizgpgq2TWEOzK1TyyTQ8="
    },
    "flexbuffer": {
      "version": "https://registry.npmjs.org/flexbuffer/-/flexbuffer-0.0.6.tgz",
      "integrity": "sha1-A5/fI/iCPkQMOPMnfm/vEXQhWzA="
    },
    "form-data": {
      "version": "http://registry.npmjs.org/form-data/-/form-data-0.2.0.tgz",
      "integrity": "sha1-Jvi8JtpkQOKZy9z7aQNcT3em5GY=",
      "dev": true,
      "dependencies": {
        "async": {
          "version": "https://registry.npmjs.org/async/-/async-0.9.2.tgz",
          "integrity": "sha1-rqdNXmHB+JlhO/ZL2mbUx48v0X0=",
          "dev": true
        },
        "mime-db": {
          "version": "https://registry.npmjs.org/mime-db/-/mime-db-1.12.0.tgz",
          "integrity": "sha1-PQxjGA9FjrENMlqqN9fFiuMS6dc=",
          "dev": true
        },
        "mime-types": {
          "version": "https://registry.npmjs.org/mime-types/-/mime-types-2.0.14.tgz",
          "integrity": "sha1-MQ4VnbI+B3+Lsit0jav6SVcUCqY=",
          "dev": true
        }
      }
    },
    "formatio": {
      "version": "http://registry.npmjs.org/formatio/-/formatio-1.1.1.tgz",
      "integrity": "sha1-XtPM1jZVEJc4NGXZlhmRAOhhYek=",
      "dev": true
    },
    "formidable": {
      "version": "http://registry.npmjs.org/formidable/-/formidable-1.0.14.tgz",
      "integrity": "sha1-Kz9MQRy7X91pXESEPiojUUpDIxo=",
      "dev": true
    },
    "forwarded": {
      "version": "https://registry.npmjs.org/forwarded/-/forwarded-0.1.0.tgz",
      "integrity": "sha1-Ge+YdMSuHCl7zweP3mOgm2aoQ2M="
    },
    "fresh": {
      "version": "http://registry.npmjs.org/fresh/-/fresh-0.3.0.tgz",
      "integrity": "sha1-ZR+DjiJCTnVm3hYdg1jKoZn4PU8="
    },
    "fs.realpath": {
      "version": "http://registry.npmjs.org/fs.realpath/-/fs.realpath-1.0.0.tgz",
      "integrity": "sha1-FQStJSMVjKpA20onh8sBQRmU6k8="
    },
    "get-caller-file": {
      "version": "http://registry.npmjs.org/get-caller-file/-/get-caller-file-1.0.2.tgz",
      "integrity": "sha1-9wLmMSfn4jHBYKgMFVSstw1QR+U="
    },
    "glob": {
      "version": "http://registry.npmjs.org/glob/-/glob-7.0.6.tgz",
      "integrity": "sha1-IRuvr0nlJbjNkyYNFKsTYVKz9Xo="
    },
    "graceful-fs": {
      "version": "http://registry.npmjs.org/graceful-fs/-/graceful-fs-4.1.9.tgz",
      "integrity": "sha1-uqy6N9GdEfnRRtNXi8mZWMN4fik="
    },
    "graceful-readlink": {
      "version": "https://registry.npmjs.org/graceful-readlink/-/graceful-readlink-1.0.1.tgz",
      "integrity": "sha1-TK+tdrxi8C+gObL5Tpo906ORpyU="
    },
    "growl": {
      "version": "http://registry.npmjs.org/growl/-/growl-1.9.2.tgz",
      "integrity": "sha1-Dqd0NxXbjY3ixe3hd14bRayFwC8=",
      "dev": true
    },
    "hosted-git-info": {
      "version": "http://registry.npmjs.org/hosted-git-info/-/hosted-git-info-2.1.5.tgz",
      "integrity": "sha1-C6gdkNouJas0ozLm7HeTbhWYEYs="
    },
    "http-errors": {
      "version": "http://registry.npmjs.org/http-errors/-/http-errors-1.5.0.tgz",
      "integrity": "sha1-scs9gmD9jiOGytMYkEWUM3LUghE="
    },
    "iconv-lite": {
      "version": "http://registry.npmjs.org/iconv-lite/-/iconv-lite-0.4.13.tgz",
      "integrity": "sha1-H4irpKsLFQjoMSrMOTRfNumS4vI="
    },
    "inflight": {
      "version": "http://registry.npmjs.org/inflight/-/inflight-1.0.6.tgz",
      "integrity": "sha1-Sb1jMdfQLQwJvJEKEHW6gWW1bfk="
    },
    "inherits": {
      "version": "http://registry.npmjs.org/inherits/-/inherits-2.0.1.tgz",
      "integrity": "sha1-sX0I0ya0Qj5Wjv9xn5GwscvfafE="
    },
    "invert-kv": {
      "version": "http://registry.npmjs.org/invert-kv/-/invert-kv-1.0.0.tgz",
      "integrity": "sha1-EEqOSqym09jNFXqO+L+rLXo//bY="
    },
    "ioredis": {
      "version": "http://registry.npmjs.org/ioredis/-/ioredis-2.4.0.tgz",
      "integrity": "sha1-lj97+8huXEDqWGhX4U6/tUgUKog="
    },
    "ipaddr.js": {
      "version": "http://registry.npmjs.org/ipaddr.js/-/ipaddr.js-1.1.1.tgz",
      "integrity": "sha1-x5HZX1KynBJH1d+AraObinNkcjA="
    },
    "is-arrayish": {
      "version": "http://registry.npmjs.org/is-arrayish/-/is-arrayish-0.2.1.tgz",
      "integrity": "sha1-d8mYQFJ6qOyxqLppe4BkWnqSap0="
    },
    "is-buffer": {
      "version": "http://registry.npmjs.org/is-buffer/-/is-buffer-1.1.4.tgz",
      "integrity": "sha1-z8hszV3FpS+oBIkRHGkgxFfi2Ys="
    },
    "is-builtin-module": {
      "version": "http://registry.npmjs.org/is-builtin-module/-/is-builtin-module-1.0.0.tgz",
      "integrity": "sha1-VAVy0096wxGfj3bDDLwbHgN6/74="
    },
    "is-fullwidth-code-point": {
      "version": "https://registry.npmjs.org/is-fullwidth-code-point/-/is-fullwidth-code-point-1.0.0.tgz",
      "integrity": "sha1-754xOG8DGn8NZDr4L95QxFfvAMs="
    },
    "is-promise": {
      "version": "http://registry.npmjs.org/is-promise/-/is-promise-2.1.0.tgz",
      "integrity": "sha1-eaKp7OfwlugPNtKy87wWwf9L8/o="
    },
    "is-utf8": {
      "version": "http://registry.npmjs.org/is-utf8/-/is-utf8-0.2.1.tgz",
      "integrity": "sha1-Sw2hRCEE0bM2NA6AeX6GXPOffXI="
    },
    "isarray": {
      "version": "http://registry.npmjs.org/isarray/-/isarray-0.0.1.tgz",
      "integrity": "sha1-ihis/Kmo9Bd+Cav8YDiTmwXR7t8=",
      "dev": true
    },
    "jade": {
      "version": "http://registry.npmjs.org/jade/-/jade-1.11.0.tgz",
      "integrity": "sha1-nIDlOMEtP7lcjZu5VZ+gzAQEBf0="
    },
    "jstransformer": {
      "version": "http://registry.npmjs.org/jstransformer/-/jstransformer-0.0.2.tgz",
      "integrity": "sha1-eq4pqQPRls+glz2IXT5HlH7Ndqs="
    },
    "kind-of": {
      "version": "http://registry.npmjs.org/kind-of/-/kind-of-3.0.4.tgz",
      "integrity": "sha1-e47PGKThf4Jp1ztQHJ8jLJaIenQ="
    },
    "lazy-cache": {
      "version": "http://registry.npmjs.org/lazy-cache/-/lazy-cache-1.0.4.tgz",
      "integrity": "sha1-odePw6UEdMuAhF07O24dpJpEbo4="
    },
    "lcid": {
      "version": "http://registry.npmjs.org/lcid/-/lcid-1.0.0.tgz",
      "integrity": "sha1-MIrMr6C8SDo4Z7S28rlQYlHRuDU="
    },
    "load-json-file": {
      "version": "http://registry.npmjs.org/load-json-file/-/load-json-file-1.1.0.tgz",
      "integrity": "sha1-lWkFcI1YtLq0wiYbBPWfMcmTdMA="
    },
    "lodash": {
      "version": "http://registry.npmjs.org/lodash/-/lodash-4.16.4.tgz",
      "integrity": "sha1-Ac4wa5utExnypVKGdPiCl663ASc="
    },
    "lolex": {
      "version": "http://registry.npmjs.org/lolex/-/lolex-1.3.2.tgz",
      "integrity": "sha1-fD2mL/yzDw9agKJWbKJORdigHzE=",
      "dev": true
    },
    "longest": {
      "version": "https://registry.npmjs.org/longest/-/longest-1.0.1.tgz",
      "integrity": "sha1-MKCy2jj3N3DoKUoNIuZiXtd9AJc="
    },
    "lru-cache": {
      "version": "http://registry.npmjs.org/lru-cache/-/lru-cache-2.7.3.tgz",
      "integrity": "sha1-bUUk6LlV+V1PW1iFHOId1y+06VI="
    },
    "media-typer": {
      "version": "http://registry.npmjs.org/media-typer/-/media-typer-0.3.0.tgz",
      "integrity": "sha1-hxDXrwqmJvj/+hzgAWhUUmMlV0g="
    },
    "merge-descriptors": {
      "version": "http://registry.npmjs.org/merge-descriptors/-/merge-descriptors-1.0.1.tgz",
      "integrity": "sha1-sAqqVW3YtEVoFQ7J0blT8/kMu2E="
    },
    "methods": {
      "version": "http://registry.npmjs.org/methods/-/methods-1.1.2.tgz",
      "integrity": "sha1-VSmk1nZUE07cxSZmVoNbD4Ua/O4="
    },
    "mime": {
      "version": "http://registry.npmjs.org/mime/-/mime-1.3.4.tgz",
      "integrity": "sha1-EV+eO2s9rylZmDyzjxSaLUDrXVM="
    },
    "mime-db": {
      "version": "http://registry.npmjs.org/mime-db/-/mime-db-1.24.0.tgz",
      "integrity": "sha1-4tE/k58AFsbk6a0lqGUvEmxGfww="
    },
    "mime-types": {
      "version": "http://registry.npmjs.org/mime-types/-/mime-types-2.1.12.tgz",
      "integrity": "sha1-FSuiVndwIN1GY/VMLnvCY4HnFyk="
    },
    "minimatch": {
      "version": "http://registry.npmjs.org/minimatch/-/minimatch-3.0.3.tgz",
      "integrity": "sha1-Kk5AkLlrLbBqnX3wEFWmKnfJt3Q="
    },
    "minimist": {
      "version": "http://registry.npmjs.org/minimist/-/minimist-0.0.8.tgz",
      "integrity": "sha1-hX/Kv8M5fSYluCKCYuhqp6ARsF0="
    },
    "mkdirp": {
      "version": "http://registry.npmjs.org/mkdirp/-/mkdirp-0.5.1.tgz",
      "integrity": "sha1-MAV0OOrGz3+MR2fzhkjWaX11yQM="
    },
    "mocha": {
      "version": "http://registry.npmjs.org/mocha/-/mocha-2.5.3.tgz",
      "integrity": "sha1-FhvlvetJZ3HrmzV0UFC2IrWu/Fg=",
      "dev": true,
      "dependencies": {
        "commander": {
          "version": "http://registry.npmjs.org/commander/-/commander-2.3.0.tgz",
          "integrity": "sha1-/UMOiJgy7DU7ms0d4hfBHLPu+HM=",
          "dev": true
        },
        "glob": {
          "version": "http://registry.npmjs.org/glob/-/glob-3.2.11.tgz",
          "integrity": "sha1-Spc/Y1uRkPcV0QmH1cAP0oFevj0=",
          "dev": true
        },
        "jade": {
          "version": "http://registry.npmjs.org/jade/-/jade-0.26.3.tgz",
          "integrity": "sha1-jxDXl32NefL2/4YqgbBRPMslaGw=",
          "dev": true,
          "dependencies": {
            "commander": {
              "version": "https://registry.npmjs.org/commander/-/commander-0.6.1.tgz",
              "integrity": "sha1-+mihT2qUXVTbvlDYzbMyDp47GgY=",
              "dev": true
            },
            "mkdirp": {
              "version": "https://registry.npmjs.org/mkdirp/-/mkdirp-0.3.0.tgz",
              "integrity": "sha1-G79asbqCevI1dRQ0kEJkVfSB/h4=",
              "dev": true
            }
          }
        },
        "minimatch": {
          "version": "https://registry.npmjs.org/minimatch/-/minimatch-0.3.0.tgz",
          "integrity": "sha1-J12O2qxPG7MyZHIInnlJyDlGmd0=",
          "dev": true
        }
      }
    },
    "ms": {
      "version": "http://registry.npmjs.org/ms/-/ms-0.7.1.tgz",
      "integrity": "sha1-nNE8A62/8ltl7/3nzoZO6VIBcJg="
    },
    "negotiator": {
      "version": "http://registry.npmjs.org/negotiator/-/negotiator-0.6.1.tgz",
      "integrity": "sha1-KzJxhOiZIQEXeyhWP7XnECrNDKk="
    },
    "nib": {
      "version": "http://registry.npmjs.org/nib/-/nib-1.1.2.tgz",
      "integrity": "sha1-amnt5AgblcDe+L4CSkyK4MLLtsc=",
      "dependencies": {
        "css-parse": {
          "version": "http://registry.npmjs.org/css-parse/-/css-parse-1.7.0.tgz",
          "integrity": "sha1-Mh9s9zeCpv91ERE5D8BeLGV9jJs="
        },
        "source-map": {
          "version": "https://registry.npmjs.org/source-map/-/source-map-0.1.43.tgz",
          "integrity": "sha1-wkvBRspRfBRx9drL4lcbK3+eM0Y="
        },
        "stylus": {
          "version": "http://registry.npmjs.org/stylus/-/stylus-0.54.5.tgz",
          "integrity": "sha1-QrlWCTHKcJDOhRWnmLqeaqPW3Hk="
        }
      }
    },
    "normalize-package-data": {
      "version": "http://registry.npmjs.org/normalize-package-data/-/normalize-package-data-2.3.5.tgz",
      "integrity": "sha1-jZJPFClg4Xd+f/4XBUNjHMfLAt8="
    },
    "number-is-nan": {
      "version": "http://registry.npmjs.org/number-is-nan/-/number-is-nan-1.0.1.tgz",
      "integrity": "sha1-CXtgK1NCKlIsGvuHkDGDNpQaAR0="
    },
    "on-finished": {
      "version": "https://registry.npmjs.org/on-finished/-/on-finished-2.3.0.tgz",
      "integrity": "sha1-IPEzZIGwg811M3mSoWlxqi2QaUc="
    },
    "once": {
      "version": "http://registry.npmjs.org/once/-/once-1.4.0.tgz",
      "integrity": "sha1-WDsap3WWHUsROsF9nFC6753Xa9E="
    },
    "optimist": {
      "version": "https://registry.npmjs.org/optimist/-/optimist-0.3.7.tgz",
      "integrity": "sha1-yQlBrVnkJzMokjB00s8ufLxuwNk="
    },
    "os-locale": {
      "version": "http://registry.npmjs.org/os-locale/-/os-locale-1.4.0.tgz",
      "integrity": "sha1-IPnxeuKe00XoveWDsT0gCYA8FNk="
    },
    "parse-json": {
      "version": "http://registry.npmjs.org/parse-json/-/parse-json-2.2.0.tgz",
      "integrity": "sha1-9ID0BDTvgHQfhGkJn43qGPVaTck="
    },
    "parseurl": {
      "version": "http://registry.npmjs.org/parseurl/-/parseurl-1.3.1.tgz",
      "integrity": "sha1-yKuMkiO6NIiKpkopeyiFO+wY2lY="
    },
    "path-exists": {
      "version": "http://registry.npmjs.org/path-exists/-/path-exists-2.1.0.tgz",
      "integrity": "sha1-D+tsZPD8UY2adU3V77YscCJ2H0s="
    },
    "path-is-absolute": {
      "version": "http://registry.npmjs.org/path-is-absolute/-/path-is-absolute-1.0.1.tgz",
      "integrity": "sha1-F0uSaHNVNP+8es5r9TpanhtcX18="
    },
    "path-to-regexp": {
      "version": "http://registry.npmjs.org/path-to-regexp/-/path-to-regexp-0.1.7.tgz",
      "integrity": "sha1-32BBeABfUi8V60SQ5yR6G/qmf4w="
    },
    "path-type": {
      "version": "http://registry.npmjs.org/path-type/-/path-type-1.1.0.tgz",
      "integrity": "sha1-WcRPfuSR2nBNpBXaWkBwuk+P5EE="
    },
    "pify": {
      "version": "http://registry.npmjs.org/pify/-/pify-2.3.0.tgz",
      "integrity": "sha1-7RQaasBDqEnqWISY59yosVMw6Qw="
    },
    "pinkie": {
      "version": "http://registry.npmjs.org/pinkie/-/pinkie-2.0.4.tgz",
      "integrity": "sha1-clVrgM+g1IqXToDnckjoDtT3+HA="
    },
    "pinkie-promise": {
      "version": "http://registry.npmjs.org/pinkie-promise/-/pinkie-promise-2.0.1.tgz",
      "integrity": "sha1-ITXW36ejWMBprJsXh3YogihFD/o="
    },
    "promise": {
      "version": "https://registry.npmjs.org/promise/-/promise-6.1.0.tgz",
      "integrity": "sha1-LOcp9rlLRcJoka0GAsXJDgTG7vY="
    },
    "proxy-addr": {
      "version": "http://registry.npmjs.org/proxy-addr/-/proxy-addr-1.1.2.tgz",
      "integrity": "sha1-tMxfImENlTWCTBI675089zxAujc="
    },
    "qs": {
      "version": "http://registry.npmjs.org/qs/-/qs-6.2.0.tgz",
      "integrity": "sha1-O3hIwDwt7OaalSKw+ujEEm10Xzs="
    },
    "range-parser": {
      "version": "http://registry.npmjs.org/range-parser/-/range-parser-1.2.0.tgz",
      "integrity": "sha1-9JvmtIeJTdxA3MlKMi9hEJLgDV4="
    },
    "raw-body": {
      "version": "http://registry.npmjs.org/raw-body/-/raw-body-2.1.7.tgz",
      "integrity": "sha1-rf6s4uT7MJgFgBTQjActzFl1h3Q="
    },
    "read-pkg": {
      "version": "http://registry.npmjs.org/read-pkg/-/read-pkg-1.1.0.tgz",
      "integrity": "sha1-9f+qXs0pyzHAR0vKfXVra7KePyg="
    },
    "read-pkg-up": {
      "version": "http://registry.npmjs.org/read-pkg-up/-/read-pkg-up-1.0.1.tgz",
      "integrity": "sha1-nWPBMnbAZZGNV/ACpX9AobZD+wI="
    },
    "readable-stream": {
      "version": "http://registry.npmjs.org/readable-stream/-/readable-stream-1.0.27-1.tgz",
      "integrity": "sha1-a2eYPCA1fO/QfwFlABoW1xDZEHg=",
      "dev": true
    },
    "redis-commands": {
      "version": "http://registry.npmjs.org/redis-commands/-/redis-commands-1.3.0.tgz",
      "integrity": "sha1-QwfYCUruExWCmrZymze5n2I2XWM="
    },
    "redis-parser": {
      "version": "http://registry.npmjs.org/redis-parser/-/redis-parser-1.3.0.tgz",
      "integrity": "sha1-gG6+e7+3005NfB6e8oLvz60EEmo="
    },
    "redlock": {
      "version": "3.0.0",
      "resolved": "https://registry.npmjs.org/redlock/-/redlock-3.0.0.tgz",
      "integrity": "sha1-AdXZnuWhnFRVfZhNZWwaHdzODo4="
    },
    "reduce-component": {
      "version": "https://registry.npmjs.org/reduce-component/-/reduce-component-1.0.1.tgz",
      "integrity": "sha1-4Mk1QsV0UhvqE98PlIjtgqt3xdo=",
      "dev": true
    },
    "repeat-string": {
      "version": "http://registry.npmjs.org/repeat-string/-/repeat-string-1.6.1.tgz",
      "integrity": "sha1-jcrkcOHIirwtYA//Sndihtp15jc="
    },
    "require-directory": {
      "version": "http://registry.npmjs.org/require-directory/-/require-directory-2.1.1.tgz",
      "integrity": "sha1-jGStX9MNqxyXbiNE/+f3kqam30I="
    },
    "require-main-filename": {
      "version": "http://registry.npmjs.org/require-main-filename/-/require-main-filename-1.0.1.tgz",
      "integrity": "sha1-l/cXtp1IeE9fUmpsWqj/3aBVpNE="
    },
    "retimer": {
      "version": "https://registry.npmjs.org/retimer/-/retimer-1.0.1.tgz",
      "integrity": "sha1-5tAEDizi+cwiz6shHnit5RIMhek="
    },
    "right-align": {
      "version": "https://registry.npmjs.org/right-align/-/right-align-0.1.3.tgz",
      "integrity": "sha1-YTObci/mo1FWiSENJOFMlhSGE+8="
    },
    "samsam": {
      "version": "http://registry.npmjs.org/samsam/-/samsam-1.1.2.tgz",
      "integrity": "sha1-vsEf3IOp/aBjQBIQ5AF2wwJNFWc=",
      "dev": true
    },
    "sax": {
      "version": "http://registry.npmjs.org/sax/-/sax-0.5.8.tgz",
      "integrity": "sha1-1HLbIo6zMcJQaw6MFVJK25OdEsE="
    },
    "semver": {
      "version": "http://registry.npmjs.org/semver/-/semver-5.3.0.tgz",
      "integrity": "sha1-myzl094C0XxgEq0yaqa00M9U+U8="
    },
    "send": {
      "version": "http://registry.npmjs.org/send/-/send-0.14.1.tgz",
      "integrity": "sha1-qVSYQyU5L1FTKndgdg5FlZjIn3o="
    },
    "serve-static": {
      "version": "http://registry.npmjs.org/serve-static/-/serve-static-1.11.1.tgz",
      "integrity": "sha1-1sznaTUF9zPHWd5Xvvwa92wPCAU="
    },
    "set-blocking": {
      "version": "http://registry.npmjs.org/set-blocking/-/set-blocking-2.0.0.tgz",
      "integrity": "sha1-BF+XgtARrppoA93TgrJDkrPYkPc="
    },
    "setprototypeof": {
      "version": "http://registry.npmjs.org/setprototypeof/-/setprototypeof-1.0.1.tgz",
      "integrity": "sha1-UgCbJ4iMTcSPWRlJwKgnWDTByn4="
    },
    "should": {
      "version": "http://registry.npmjs.org/should/-/should-3.3.2.tgz",
      "integrity": "sha1-yIPdQJtTu98bVewNj8OGXysofmQ=",
      "dev": true
    },
    "sigmund": {
      "version": "https://registry.npmjs.org/sigmund/-/sigmund-1.0.1.tgz",
      "integrity": "sha1-P/IfGYytIXX587eBhT/ZTQ0ZtZA="
    },
    "sinon": {
      "version": "http://registry.npmjs.org/sinon/-/sinon-1.17.6.tgz",
      "integrity": "sha1-pDEW21lXfIKWNWr+4T+vwjMuWOE=",
      "dev": true
    },
    "source-map": {
      "version": "https://registry.npmjs.org/source-map/-/source-map-0.4.4.tgz",
      "integrity": "sha1-66T12pwNyZneaAMti092FzZSA2s="
    },
    "spdx-correct": {
      "version": "http://registry.npmjs.org/spdx-correct/-/spdx-correct-1.0.2.tgz",
      "integrity": "sha1-SzBz2TP/UfORLwOsVRlJikFQ20A="
    },
    "spdx-expression-parse": {
      "version": "http://registry.npmjs.org/spdx-expression-parse/-/spdx-expression-parse-1.0.4.tgz",
      "integrity": "sha1-m98vIOH0DtRH++JzJmGR/O1RYmw="
    },
    "spdx-license-ids": {
      "version": "http://registry.npmjs.org/spdx-license-ids/-/spdx-license-ids-1.2.2.tgz",
      "integrity": "sha1-yd96NCRZSt5r0RkA1ZZpbcBrrFc="
    },
    "statuses": {
      "version": "http://registry.npmjs.org/statuses/-/statuses-1.3.0.tgz",
      "integrity": "sha1-jlV1jLIOdoLB9Pzo3KswvwHR4Ho="
    },
    "string_decoder": {
      "version": "https://registry.npmjs.org/string_decoder/-/string_decoder-0.10.31.tgz",
      "integrity": "sha1-YuIDvEF2bGwoyfyEMB2rHFMQ+pQ=",
      "dev": true
    },
    "string-width": {
      "version": "http://registry.npmjs.org/string-width/-/string-width-1.0.2.tgz",
      "integrity": "sha1-EYvfW4zcUaKn5w0hHgfisLmxB9M="
    },
    "strip-ansi": {
      "version": "http://registry.npmjs.org/strip-ansi/-/strip-ansi-3.0.1.tgz",
      "integrity": "sha1-ajhfuIU9lS1f8F0Oiq+UJ43GPc8="
    },
    "strip-bom": {
      "version": "https://registry.npmjs.org/strip-bom/-/strip-bom-2.0.0.tgz",
      "integrity": "sha1-YhmoVhZSBJHzV4i9vxRHqZx+aw4="
    },
    "stylus": {
      "version": "http://registry.npmjs.org/stylus/-/stylus-0.52.4.tgz",
      "integrity": "sha1-ZVG18L/c8p7n8P4KWbfrb/JtJTk=",
      "dependencies": {
        "css-parse": {
          "version": "http://registry.npmjs.org/css-parse/-/css-parse-1.7.0.tgz",
          "integrity": "sha1-Mh9s9zeCpv91ERE5D8BeLGV9jJs="
        },
        "glob": {
          "version": "http://registry.npmjs.org/glob/-/glob-3.2.11.tgz",
          "integrity": "sha1-Spc/Y1uRkPcV0QmH1cAP0oFevj0="
        },
        "minimatch": {
          "version": "https://registry.npmjs.org/minimatch/-/minimatch-0.3.0.tgz",
          "integrity": "sha1-J12O2qxPG7MyZHIInnlJyDlGmd0="
        },
        "source-map": {
          "version": "https://registry.npmjs.org/source-map/-/source-map-0.1.43.tgz",
          "integrity": "sha1-wkvBRspRfBRx9drL4lcbK3+eM0Y="
        }
      }
    },
    "superagent": {
      "version": "http://registry.npmjs.org/superagent/-/superagent-1.3.0.tgz",
      "integrity": "sha1-LAFGZ/OfV8p1Wv+U5/QpD31q6/I=",
      "dev": true,
      "dependencies": {
        "methods": {
          "version": "https://registry.npmjs.org/methods/-/methods-1.0.1.tgz",
          "integrity": "sha1-dbyRlD3/19oDfPPusO1zoAN80Us=",
          "dev": true
        },
        "qs": {
          "version": "http://registry.npmjs.org/qs/-/qs-2.3.3.tgz",
          "integrity": "sha1-6eha2+ddoLvkyOBHaghikPhjtAQ=",
          "dev": true
        }
      }
    },
    "supertest": {
      "version": "http://registry.npmjs.org/supertest/-/supertest-1.1.0.tgz",
      "integrity": "sha1-PEQbLZ7A7UJSTrMUlWEco9Q0qxw=",
      "dev": true
    },
    "supports-color": {
      "version": "http://registry.npmjs.org/supports-color/-/supports-color-1.2.0.tgz",
      "integrity": "sha1-/x7R5hFp0Gs88tWI4YixjYhH4X4=",
      "dev": true
    },
    "to-iso-string": {
      "version": "http://registry.npmjs.org/to-iso-string/-/to-iso-string-0.0.2.tgz",
      "integrity": "sha1-TcGeZk38y+Jb2NtQiwDG2hWCVdE=",
      "dev": true
    },
    "transformers": {
      "version": "http://registry.npmjs.org/transformers/-/transformers-2.1.0.tgz",
      "integrity": "sha1-XSPLNVYd2F3Gf7hIIwm0fVPM6ac=",
      "dependencies": {
        "is-promise": {
          "version": "https://registry.npmjs.org/is-promise/-/is-promise-1.0.1.tgz",
          "integrity": "sha1-MVc3YcBX4zwukaq56W2gjO++duU="
        },
        "promise": {
          "version": "https://registry.npmjs.org/promise/-/promise-2.0.0.tgz",
          "integrity": "sha1-RmSKqdYFr10ucMMCS/WUNtoCuA4="
        },
        "source-map": {
          "version": "https://registry.npmjs.org/source-map/-/source-map-0.1.43.tgz",
          "integrity": "sha1-wkvBRspRfBRx9drL4lcbK3+eM0Y="
        },
        "uglify-js": {
          "version": "https://registry.npmjs.org/uglify-js/-/uglify-js-2.2.5.tgz",
          "integrity": "sha1-puAqcNg5eSuXgEiLe4sYTAlcmcc="
        }
      }
    },
    "type-detect": {
      "version": "http://registry.npmjs.org/type-detect/-/type-detect-1.0.0.tgz",
      "integrity": "sha1-diIXzAbbJY7EiQihKY6LlRIejqI=",
      "dev": true
    },
    "type-is": {
      "version": "http://registry.npmjs.org/type-is/-/type-is-1.6.13.tgz",
      "integrity": "sha1-boO6e8MM0zp7sLf7AHN6IIW/nQg="
    },
    "uglify-js": {
      "version": "http://registry.npmjs.org/uglify-js/-/uglify-js-2.7.4.tgz",
      "integrity": "sha1-opWg3hK2plDAMcQN6w3ECxRWi9I=",
      "dependencies": {
        "async": {
          "version": "0.2.10",
          "resolved": "https://registry.npmjs.org/async/-/async-0.2.10.tgz",
          "integrity": "sha1-trvgsGdLnXGXCMo43owjfLUmw9E="
        },
        "source-map": {
          "version": "http://registry.npmjs.org/source-map/-/source-map-0.5.6.tgz",
          "integrity": "sha1-dc449SvwczxafwwRjYEzSiu19BI="
        },
        "yargs": {
          "version": "http://registry.npmjs.org/yargs/-/yargs-3.10.0.tgz",
          "integrity": "sha1-9+572FfdfB0tOMDnTvvWgdFDH9E="
        }
      }
    },
    "uglify-to-browserify": {
      "version": "https://registry.npmjs.org/uglify-to-browserify/-/uglify-to-browserify-1.0.2.tgz",
      "integrity": "sha1-bgkk1r2mta/jSeOabWMoUKD4grc="
    },
    "unpipe": {
      "version": "https://registry.npmjs.org/unpipe/-/unpipe-1.0.0.tgz",
      "integrity": "sha1-sr9O6FFKrmFltIF4KdIbLvSZBOw="
    },
    "util": {
      "version": "https://registry.npmjs.org/util/-/util-0.10.3.tgz",
      "integrity": "sha1-evsa/lCAUkZInj23/g7TeTNqwPk=",
      "dev": true
    },
    "utils-merge": {
      "version": "http://registry.npmjs.org/utils-merge/-/utils-merge-1.0.0.tgz",
      "integrity": "sha1-ApT7kiu5N1FTVBxPcJYjHyh8ivg="
    },
    "validate-npm-package-license": {
      "version": "http://registry.npmjs.org/validate-npm-package-license/-/validate-npm-package-license-3.0.1.tgz",
      "integrity": "sha1-KAS6vnEq0zeUWaz74kdGqywwP7w="
    },
    "vary": {
      "version": "http://registry.npmjs.org/vary/-/vary-1.1.0.tgz",
      "integrity": "sha1-4eWv+70WrnaN0mdDlLmtMCJlMUA="
    },
    "void-elements": {
      "version": "https://registry.npmjs.org/void-elements/-/void-elements-2.0.1.tgz",
      "integrity": "sha1-wGavtYK7HLQSjWDqkjkulNXp2+w="
    },
    "which-module": {
      "version": "http://registry.npmjs.org/which-module/-/which-module-1.0.0.tgz",
      "integrity": "sha1-u6Y8qGGUiZT/MHc2CJ47lgJsKk8="
    },
    "window-size": {
      "version": "http://registry.npmjs.org/window-size/-/window-size-0.1.0.tgz",
      "integrity": "sha1-VDjNLqk7IC76Ohn+iIeu58lPnJ0="
    },
    "with": {
      "version": "https://registry.npmjs.org/with/-/with-4.0.3.tgz",
      "integrity": "sha1-7v0VTp550sjTQXtkeo8U2f7M4U4=",
      "dependencies": {
        "acorn": {
          "version": "https://registry.npmjs.org/acorn/-/acorn-1.2.2.tgz",
          "integrity": "sha1-yM4n3grMdtiW0rH6099YjZ6C8BQ="
        }
      }
    },
    "wordwrap": {
      "version": "https://registry.npmjs.org/wordwrap/-/wordwrap-0.0.3.tgz",
      "integrity": "sha1-o9XabNXAvAAI03I0u68b7WMFkQc="
    },
    "wrap-ansi": {
      "version": "http://registry.npmjs.org/wrap-ansi/-/wrap-ansi-2.0.0.tgz",
      "integrity": "sha1-fTD4+HP5pbvDpk2ryNF34HGuQm8="
    },
    "wrappy": {
      "version": "http://registry.npmjs.org/wrappy/-/wrappy-1.0.2.tgz",
      "integrity": "sha1-tSQ9jz7BqjXxNkYFvA0QNuMKtp8="
    },
    "y18n": {
      "version": "http://registry.npmjs.org/y18n/-/y18n-3.2.1.tgz",
      "integrity": "sha1-bRX7qITAhnnA136I53WegR4H+kE="
    },
    "yargs": {
      "version": "http://registry.npmjs.org/yargs/-/yargs-6.3.0.tgz",
      "integrity": "sha1-Gcbbt2h0TVcetuuuDBdM8vcbGI0=",
      "dependencies": {
        "camelcase": {
          "version": "http://registry.npmjs.org/camelcase/-/camelcase-3.0.0.tgz",
          "integrity": "sha1-MvxLn82vhF/N9+c7uXysImHwqwo="
        },
        "cliui": {
          "version": "http://registry.npmjs.org/cliui/-/cliui-3.2.0.tgz",
          "integrity": "sha1-EgYBU3qRbSmUD5NNo7SNWFo5IT0="
        },
        "window-size": {
          "version": "http://registry.npmjs.org/window-size/-/window-size-0.2.0.tgz",
          "integrity": "sha1-tDFbtCFKPXBY6+7okuE/ok2YsHU="
        }
      }
    },
    "yargs-parser": {
      "version": "http://registry.npmjs.org/yargs-parser/-/yargs-parser-4.0.2.tgz",
      "integrity": "sha1-f3FzqMfModgdx8GGkvwHwsLiseA=",
      "dependencies": {
        "camelcase": {
          "version": "http://registry.npmjs.org/camelcase/-/camelcase-3.0.0.tgz",
          "integrity": "sha1-MvxLn82vhF/N9+c7uXysImHwqwo="
        }
      }
    }
  }
}
